// !$*UTF8*$!
{
	archiveVersion = 1;
	classes = {
	};
	objectVersion = 50;
	objects = {

/* Begin PBXBuildFile section */
		8F35A99723CB648B0045DEEC /* FullFilmParsingTests.swift in Sources */ = {isa = PBXBuildFile; fileRef = 8F35A99623CB648B0045DEEC /* FullFilmParsingTests.swift */; };
		8F35A99923CB6B930045DEEC /* DataFetcher.swift in Sources */ = {isa = PBXBuildFile; fileRef = 8F35A99823CB6B930045DEEC /* DataFetcher.swift */; };
		8F35A99B23CB6F8D0045DEEC /* SwapiQuery.swift in Sources */ = {isa = PBXBuildFile; fileRef = 8F35A99A23CB6F8D0045DEEC /* SwapiQuery.swift */; };
		8F35A99D23CB77170045DEEC /* AllFilmsQuery.graphql in Resources */ = {isa = PBXBuildFile; fileRef = 8F35A99C23CB77170045DEEC /* AllFilmsQuery.graphql */; };
		8F35A9A023CB7BB90045DEEC /* SingleFilmQuery.graphql in Resources */ = {isa = PBXBuildFile; fileRef = 8F35A99F23CB7BB90045DEEC /* SingleFilmQuery.graphql */; };
		8F35A9A223CB7D7F0045DEEC /* QueryTests.swift in Sources */ = {isa = PBXBuildFile; fileRef = 8F35A9A123CB7D7F0045DEEC /* QueryTests.swift */; };
		8F35A9A423CB945F0045DEEC /* FilmsListView.swift in Sources */ = {isa = PBXBuildFile; fileRef = 8F35A9A323CB945F0045DEEC /* FilmsListView.swift */; };
		8F35A9A623CB94700045DEEC /* FilmsListViewModel.swift in Sources */ = {isa = PBXBuildFile; fileRef = 8F35A9A523CB94700045DEEC /* FilmsListViewModel.swift */; };
		8F35A9A923CB97720045DEEC /* MockDataTests.swift in Sources */ = {isa = PBXBuildFile; fileRef = 8F35A9A823CB97720045DEEC /* MockDataTests.swift */; };
		8F35A9AB23CB9C720045DEEC /* FilmRowView.swift in Sources */ = {isa = PBXBuildFile; fileRef = 8F35A9AA23CB9C720045DEEC /* FilmRowView.swift */; };
		8F35A9AD23CB9F690045DEEC /* FilmRowViewModel.swift in Sources */ = {isa = PBXBuildFile; fileRef = 8F35A9AC23CB9F690045DEEC /* FilmRowViewModel.swift */; };
		8F35A9AF23CBA0870045DEEC /* Film+Strings.swift in Sources */ = {isa = PBXBuildFile; fileRef = 8F35A9AE23CBA0870045DEEC /* Film+Strings.swift */; };
		8F35A9B123CBA2AA0045DEEC /* FilmView.swift in Sources */ = {isa = PBXBuildFile; fileRef = 8F35A9B023CBA2AA0045DEEC /* FilmView.swift */; };
		8F35A9B323CBA2B30045DEEC /* FilmViewModel.swift in Sources */ = {isa = PBXBuildFile; fileRef = 8F35A9B223CBA2B30045DEEC /* FilmViewModel.swift */; };
		8F4AEEED23CA9A1A005B27C8 /* SpeciesResponse.swift in Sources */ = {isa = PBXBuildFile; fileRef = 8F4AEEEC23CA9A1A005B27C8 /* SpeciesResponse.swift */; };
		8F4AEEEF23CA9C11005B27C8 /* Data.swift in Sources */ = {isa = PBXBuildFile; fileRef = 8F4AEEEE23CA9C11005B27C8 /* Data.swift */; };
		8F4CEAEA23C9518F000AAD47 /* AppDelegate.swift in Sources */ = {isa = PBXBuildFile; fileRef = 8F4CEAE923C9518F000AAD47 /* AppDelegate.swift */; };
		8F4CEAEC23C9518F000AAD47 /* SceneDelegate.swift in Sources */ = {isa = PBXBuildFile; fileRef = 8F4CEAEB23C9518F000AAD47 /* SceneDelegate.swift */; };
		8F4CEAEE23C9518F000AAD47 /* ContentView.swift in Sources */ = {isa = PBXBuildFile; fileRef = 8F4CEAED23C9518F000AAD47 /* ContentView.swift */; };
		8F4CEAF023C95199000AAD47 /* Assets.xcassets in Resources */ = {isa = PBXBuildFile; fileRef = 8F4CEAEF23C95199000AAD47 /* Assets.xcassets */; };
		8F4CEAF323C95199000AAD47 /* Preview Assets.xcassets in Resources */ = {isa = PBXBuildFile; fileRef = 8F4CEAF223C95199000AAD47 /* Preview Assets.xcassets */; };
		8F4CEAF623C95199000AAD47 /* LaunchScreen.storyboard in Resources */ = {isa = PBXBuildFile; fileRef = 8F4CEAF423C95199000AAD47 /* LaunchScreen.storyboard */; };
		8F4CEB0D23CA20C1000AAD47 /* Swapi.swift in Sources */ = {isa = PBXBuildFile; fileRef = 8F4CEB0C23CA20C1000AAD47 /* Swapi.swift */; };
		8F4CEB1023CA255E000AAD47 /* Film.swift in Sources */ = {isa = PBXBuildFile; fileRef = 8F4CEB0F23CA255E000AAD47 /* Film.swift */; };
		8F4CEB1223CA2F81000AAD47 /* FilmsResponse.swift in Sources */ = {isa = PBXBuildFile; fileRef = 8F4CEB1123CA2F81000AAD47 /* FilmsResponse.swift */; };
		8F4CEB1423CA31AC000AAD47 /* Person.swift in Sources */ = {isa = PBXBuildFile; fileRef = 8F4CEB1323CA31AC000AAD47 /* Person.swift */; };
		8F4CEB1623CA3D67000AAD47 /* PeopleResponse.swift in Sources */ = {isa = PBXBuildFile; fileRef = 8F4CEB1523CA3D67000AAD47 /* PeopleResponse.swift */; };
		8F4CEB1823CA4047000AAD47 /* Planet.swift in Sources */ = {isa = PBXBuildFile; fileRef = 8F4CEB1723CA4047000AAD47 /* Planet.swift */; };
		8F4CEB1A23CA444A000AAD47 /* PlanetsResponse.swift in Sources */ = {isa = PBXBuildFile; fileRef = 8F4CEB1923CA444A000AAD47 /* PlanetsResponse.swift */; };
		8F4CEB1C23CA47BB000AAD47 /* Starship.swift in Sources */ = {isa = PBXBuildFile; fileRef = 8F4CEB1B23CA47BB000AAD47 /* Starship.swift */; };
		8F4CEB1E23CA4C77000AAD47 /* StarshipsResponse.swift in Sources */ = {isa = PBXBuildFile; fileRef = 8F4CEB1D23CA4C77000AAD47 /* StarshipsResponse.swift */; };
		8F4CEB2023CA5217000AAD47 /* Vehicle.swift in Sources */ = {isa = PBXBuildFile; fileRef = 8F4CEB1F23CA5217000AAD47 /* Vehicle.swift */; };
		8F4CEB2223CA5A66000AAD47 /* VehiclesResponse.swift in Sources */ = {isa = PBXBuildFile; fileRef = 8F4CEB2123CA5A66000AAD47 /* VehiclesResponse.swift */; };
		8F4CEB2523CA6059000AAD47 /* Species.swift in Sources */ = {isa = PBXBuildFile; fileRef = 8F4CEB2423CA6059000AAD47 /* Species.swift */; };
		8F7E5C9423CD26BE00CC5A8E /* PersonView.swift in Sources */ = {isa = PBXBuildFile; fileRef = 8F7E5C9323CD26BE00CC5A8E /* PersonView.swift */; };
		8F7E5C9623CD26CB00CC5A8E /* PersonViewModel.swift in Sources */ = {isa = PBXBuildFile; fileRef = 8F7E5C9523CD26CB00CC5A8E /* PersonViewModel.swift */; };
		8F7E5C9923CD2A4400CC5A8E /* SinglePersonQuery.graphql in Resources */ = {isa = PBXBuildFile; fileRef = 8F7E5C9823CD2A4400CC5A8E /* SinglePersonQuery.graphql */; };
		8F7E5C9B23CD34E600CC5A8E /* HomeworldRowView.swift in Sources */ = {isa = PBXBuildFile; fileRef = 8F7E5C9A23CD34E600CC5A8E /* HomeworldRowView.swift */; };
		8F7E5C9D23CD379600CC5A8E /* SpeciesRowView.swift in Sources */ = {isa = PBXBuildFile; fileRef = 8F7E5C9C23CD379600CC5A8E /* SpeciesRowView.swift */; };
		8F7E5CA123CD39D300CC5A8E /* StarshipRowView.swift in Sources */ = {isa = PBXBuildFile; fileRef = 8F7E5CA023CD39D300CC5A8E /* StarshipRowView.swift */; };
		8F7E5CA323CD3B1C00CC5A8E /* VehicleRowView.swift in Sources */ = {isa = PBXBuildFile; fileRef = 8F7E5CA223CD3B1C00CC5A8E /* VehicleRowView.swift */; };
		8F7E5CA723CD3D2100CC5A8E /* PersonFilmRowView.swift in Sources */ = {isa = PBXBuildFile; fileRef = 8F7E5CA623CD3D2100CC5A8E /* PersonFilmRowView.swift */; };
		8F7E5CA923CD3F9A00CC5A8E /* CharacterRowView.swift in Sources */ = {isa = PBXBuildFile; fileRef = 8F7E5CA823CD3F9A00CC5A8E /* CharacterRowView.swift */; };
		8F7E5CAB23CD42F100CC5A8E /* CharacterListView.swift in Sources */ = {isa = PBXBuildFile; fileRef = 8F7E5CAA23CD42F100CC5A8E /* CharacterListView.swift */; };
		8F7E5CAD23CD49EB00CC5A8E /* NavigationDestination.swift in Sources */ = {isa = PBXBuildFile; fileRef = 8F7E5CAC23CD49EB00CC5A8E /* NavigationDestination.swift */; };
		8F7E5CAF23CD516A00CC5A8E /* FilmViewSection.swift in Sources */ = {isa = PBXBuildFile; fileRef = 8F7E5CAE23CD516A00CC5A8E /* FilmViewSection.swift */; };
		8F7E5CB123CD585200CC5A8E /* FilmPlanetListView.swift in Sources */ = {isa = PBXBuildFile; fileRef = 8F7E5CB023CD585200CC5A8E /* FilmPlanetListView.swift */; };
		8F7E5CB323CD58E500CC5A8E /* FilmPlanetRowView.swift in Sources */ = {isa = PBXBuildFile; fileRef = 8F7E5CB223CD58E500CC5A8E /* FilmPlanetRowView.swift */; };
		8F7E5CB523CD5E7D00CC5A8E /* FilmSpeciesListView.swift in Sources */ = {isa = PBXBuildFile; fileRef = 8F7E5CB423CD5E7D00CC5A8E /* FilmSpeciesListView.swift */; };
		8F7E5CB723CD5E8E00CC5A8E /* FilmSpeciesRowView.swift in Sources */ = {isa = PBXBuildFile; fileRef = 8F7E5CB623CD5E8E00CC5A8E /* FilmSpeciesRowView.swift */; };
		8F7E5CB923CD637300CC5A8E /* FilmStarshipListView.swift in Sources */ = {isa = PBXBuildFile; fileRef = 8F7E5CB823CD637300CC5A8E /* FilmStarshipListView.swift */; };
		8F7E5CBB23CD638000CC5A8E /* FilmStarshipRowView.swift in Sources */ = {isa = PBXBuildFile; fileRef = 8F7E5CBA23CD638000CC5A8E /* FilmStarshipRowView.swift */; };
		8F7E5CBD23CD670600CC5A8E /* FilmVehicleListView.swift in Sources */ = {isa = PBXBuildFile; fileRef = 8F7E5CBC23CD670600CC5A8E /* FilmVehicleListView.swift */; };
		8F7E5CBF23CD671200CC5A8E /* FilmVehicleRowView.swift in Sources */ = {isa = PBXBuildFile; fileRef = 8F7E5CBE23CD671200CC5A8E /* FilmVehicleRowView.swift */; };
		8F7E5CC123CDBC1100CC5A8E /* PlanetView.swift in Sources */ = {isa = PBXBuildFile; fileRef = 8F7E5CC023CDBC1100CC5A8E /* PlanetView.swift */; };
		8F7E5CC423CDBC4000CC5A8E /* PlanetViewModel.swift in Sources */ = {isa = PBXBuildFile; fileRef = 8F7E5CC323CDBC4000CC5A8E /* PlanetViewModel.swift */; };
		8F7E5CC623CDC1B100CC5A8E /* SinglePlanetQuery.graphql in Resources */ = {isa = PBXBuildFile; fileRef = 8F7E5CC523CDC1B100CC5A8E /* SinglePlanetQuery.graphql */; };
		8F7E5CC823CDC53F00CC5A8E /* PlanetParsingTests.swift in Sources */ = {isa = PBXBuildFile; fileRef = 8F7E5CC723CDC53F00CC5A8E /* PlanetParsingTests.swift */; };
		8F7E5CCA23CDCF1700CC5A8E /* PlanetFilmRowView.swift in Sources */ = {isa = PBXBuildFile; fileRef = 8F7E5CC923CDCF1600CC5A8E /* PlanetFilmRowView.swift */; };
		8F7E5CCC23CDD09B00CC5A8E /* ResidentRowView.swift in Sources */ = {isa = PBXBuildFile; fileRef = 8F7E5CCB23CDD09B00CC5A8E /* ResidentRowView.swift */; };
		8F7E5CCF23CDDC8100CC5A8E /* SpeciesView.swift in Sources */ = {isa = PBXBuildFile; fileRef = 8F7E5CCE23CDDC8100CC5A8E /* SpeciesView.swift */; };
		8F7E5CD123CDDC8B00CC5A8E /* SpeciesViewModel.swift in Sources */ = {isa = PBXBuildFile; fileRef = 8F7E5CD023CDDC8B00CC5A8E /* SpeciesViewModel.swift */; };
		8F7E5CD323CDE15200CC5A8E /* SingleSpeciesQuery.graphql in Resources */ = {isa = PBXBuildFile; fileRef = 8F7E5CD223CDE15200CC5A8E /* SingleSpeciesQuery.graphql */; };
		8F7E5CD523CDE68500CC5A8E /* SpeciesParsingTests.swift in Sources */ = {isa = PBXBuildFile; fileRef = 8F7E5CD423CDE68500CC5A8E /* SpeciesParsingTests.swift */; };
		8F7E5CD723CDEAB800CC5A8E /* SpeciesPersonRowView.swift in Sources */ = {isa = PBXBuildFile; fileRef = 8F7E5CD623CDEAB800CC5A8E /* SpeciesPersonRowView.swift */; };
		8F7E5CD923CDED9700CC5A8E /* SpeciesFilmRowView.swift in Sources */ = {isa = PBXBuildFile; fileRef = 8F7E5CD823CDED9700CC5A8E /* SpeciesFilmRowView.swift */; };
		8F7E5CDC23CE577400CC5A8E /* StarshipView.swift in Sources */ = {isa = PBXBuildFile; fileRef = 8F7E5CDB23CE577400CC5A8E /* StarshipView.swift */; };
		8F7E5CDE23CE578100CC5A8E /* StarshipViewModel.swift in Sources */ = {isa = PBXBuildFile; fileRef = 8F7E5CDD23CE578100CC5A8E /* StarshipViewModel.swift */; };
		8F7E5CE023CE57F500CC5A8E /* StarshipParsingTests.swift in Sources */ = {isa = PBXBuildFile; fileRef = 8F7E5CDF23CE57F500CC5A8E /* StarshipParsingTests.swift */; };
		8F7E5CE223CE59A700CC5A8E /* SingleStarshipQuery.graphql in Resources */ = {isa = PBXBuildFile; fileRef = 8F7E5CE123CE59A700CC5A8E /* SingleStarshipQuery.graphql */; };
		8F7E5CE423CE6E1D00CC5A8E /* StarshipFilmRowView.swift in Sources */ = {isa = PBXBuildFile; fileRef = 8F7E5CE323CE6E1D00CC5A8E /* StarshipFilmRowView.swift */; };
		8F7E5CE623CE704600CC5A8E /* PilotRowView.swift in Sources */ = {isa = PBXBuildFile; fileRef = 8F7E5CE523CE704600CC5A8E /* PilotRowView.swift */; };
		8F7E5CE823CE785B00CC5A8E /* SingleVehicleQuery.graphql in Resources */ = {isa = PBXBuildFile; fileRef = 8F7E5CE723CE785B00CC5A8E /* SingleVehicleQuery.graphql */; };
		8F7E5CEB23CE7AC600CC5A8E /* VehicleView.swift in Sources */ = {isa = PBXBuildFile; fileRef = 8F7E5CEA23CE7AC600CC5A8E /* VehicleView.swift */; };
		8F7E5CED23CE7AD600CC5A8E /* VehicleViewModel.swift in Sources */ = {isa = PBXBuildFile; fileRef = 8F7E5CEC23CE7AD600CC5A8E /* VehicleViewModel.swift */; };
		8F7E5CEF23CE83E100CC5A8E /* VehicleParsingTests.swift in Sources */ = {isa = PBXBuildFile; fileRef = 8F7E5CEE23CE83E100CC5A8E /* VehicleParsingTests.swift */; };
		8F7E5CF123CE854000CC5A8E /* VehicleFilmRowView.swift in Sources */ = {isa = PBXBuildFile; fileRef = 8F7E5CF023CE854000CC5A8E /* VehicleFilmRowView.swift */; };
		8F7E5CF323CE871C00CC5A8E /* VehiclePilotRowView.swift in Sources */ = {isa = PBXBuildFile; fileRef = 8F7E5CF223CE871C00CC5A8E /* VehiclePilotRowView.swift */; };
		8FDD8CBD23CAA1B800851267 /* SwapiResponse.swift in Sources */ = {isa = PBXBuildFile; fileRef = 8FDD8CBC23CAA1B800851267 /* SwapiResponse.swift */; };
		8FDD8CBF23CAB23900851267 /* FilmParsingTests.swift in Sources */ = {isa = PBXBuildFile; fileRef = 8FDD8CBE23CAB23900851267 /* FilmParsingTests.swift */; };
		8FDD8CCF23CB61CD00851267 /* luke.json in Resources */ = {isa = PBXBuildFile; fileRef = 8FDD8CC223CB61CD00851267 /* luke.json */; };
		8FDD8CD023CB61CD00851267 /* allSpecies.json in Resources */ = {isa = PBXBuildFile; fileRef = 8FDD8CC323CB61CD00851267 /* allSpecies.json */; };
		8FDD8CD123CB61CD00851267 /* films.json in Resources */ = {isa = PBXBuildFile; fileRef = 8FDD8CC423CB61CD00851267 /* films.json */; };
		8FDD8CD223CB61CD00851267 /* falcon.json in Resources */ = {isa = PBXBuildFile; fileRef = 8FDD8CC523CB61CD00851267 /* falcon.json */; };
		8FDD8CD323CB61CD00851267 /* airspeeder.json in Resources */ = {isa = PBXBuildFile; fileRef = 8FDD8CC623CB61CD00851267 /* airspeeder.json */; };
		8FDD8CD423CB61CD00851267 /* allPersons.json in Resources */ = {isa = PBXBuildFile; fileRef = 8FDD8CC723CB61CD00851267 /* allPersons.json */; };
		8FDD8CD523CB61CD00851267 /* allVehicles.json in Resources */ = {isa = PBXBuildFile; fileRef = 8FDD8CC823CB61CD00851267 /* allVehicles.json */; };
		8FDD8CD623CB61CD00851267 /* newHope.json in Resources */ = {isa = PBXBuildFile; fileRef = 8FDD8CC923CB61CD00851267 /* newHope.json */; };
		8FDD8CD723CB61CD00851267 /* allFilms.json in Resources */ = {isa = PBXBuildFile; fileRef = 8FDD8CCA23CB61CD00851267 /* allFilms.json */; };
		8FDD8CD823CB61CD00851267 /* tatooine.json in Resources */ = {isa = PBXBuildFile; fileRef = 8FDD8CCB23CB61CD00851267 /* tatooine.json */; };
		8FDD8CD923CB61CD00851267 /* allPlanets.json in Resources */ = {isa = PBXBuildFile; fileRef = 8FDD8CCC23CB61CD00851267 /* allPlanets.json */; };
		8FDD8CDA23CB61CD00851267 /* allStarships.json in Resources */ = {isa = PBXBuildFile; fileRef = 8FDD8CCD23CB61CD00851267 /* allStarships.json */; };
		8FDD8CDB23CB61CD00851267 /* twilek.json in Resources */ = {isa = PBXBuildFile; fileRef = 8FDD8CCE23CB61CD00851267 /* twilek.json */; };
		8FDD8CDD23CB62FF00851267 /* Parsing.swift in Sources */ = {isa = PBXBuildFile; fileRef = 8FDD8CDC23CB62FF00851267 /* Parsing.swift */; };
/* End PBXBuildFile section */

/* Begin PBXContainerItemProxy section */
		8F4CEAFD23C95199000AAD47 /* PBXContainerItemProxy */ = {
			isa = PBXContainerItemProxy;
			containerPortal = 8F4CEADE23C9518F000AAD47 /* Project object */;
			proxyType = 1;
			remoteGlobalIDString = 8F4CEAE523C9518F000AAD47;
			remoteInfo = StarWarsReader;
		};
/* End PBXContainerItemProxy section */

/* Begin PBXFileReference section */
		8F35A99623CB648B0045DEEC /* FullFilmParsingTests.swift */ = {isa = PBXFileReference; lastKnownFileType = sourcecode.swift; path = FullFilmParsingTests.swift; sourceTree = "<group>"; };
		8F35A99823CB6B930045DEEC /* DataFetcher.swift */ = {isa = PBXFileReference; lastKnownFileType = sourcecode.swift; path = DataFetcher.swift; sourceTree = "<group>"; };
		8F35A99A23CB6F8D0045DEEC /* SwapiQuery.swift */ = {isa = PBXFileReference; lastKnownFileType = sourcecode.swift; path = SwapiQuery.swift; sourceTree = "<group>"; };
		8F35A99C23CB77170045DEEC /* AllFilmsQuery.graphql */ = {isa = PBXFileReference; lastKnownFileType = text; path = AllFilmsQuery.graphql; sourceTree = "<group>"; };
		8F35A99F23CB7BB90045DEEC /* SingleFilmQuery.graphql */ = {isa = PBXFileReference; lastKnownFileType = text; path = SingleFilmQuery.graphql; sourceTree = "<group>"; };
		8F35A9A123CB7D7F0045DEEC /* QueryTests.swift */ = {isa = PBXFileReference; lastKnownFileType = sourcecode.swift; path = QueryTests.swift; sourceTree = "<group>"; };
		8F35A9A323CB945F0045DEEC /* FilmsListView.swift */ = {isa = PBXFileReference; lastKnownFileType = sourcecode.swift; path = FilmsListView.swift; sourceTree = "<group>"; };
		8F35A9A523CB94700045DEEC /* FilmsListViewModel.swift */ = {isa = PBXFileReference; lastKnownFileType = sourcecode.swift; path = FilmsListViewModel.swift; sourceTree = "<group>"; };
		8F35A9A823CB97720045DEEC /* MockDataTests.swift */ = {isa = PBXFileReference; lastKnownFileType = sourcecode.swift; path = MockDataTests.swift; sourceTree = "<group>"; };
		8F35A9AA23CB9C720045DEEC /* FilmRowView.swift */ = {isa = PBXFileReference; lastKnownFileType = sourcecode.swift; path = FilmRowView.swift; sourceTree = "<group>"; };
		8F35A9AC23CB9F690045DEEC /* FilmRowViewModel.swift */ = {isa = PBXFileReference; lastKnownFileType = sourcecode.swift; path = FilmRowViewModel.swift; sourceTree = "<group>"; };
		8F35A9AE23CBA0870045DEEC /* Film+Strings.swift */ = {isa = PBXFileReference; lastKnownFileType = sourcecode.swift; path = "Film+Strings.swift"; sourceTree = "<group>"; };
		8F35A9B023CBA2AA0045DEEC /* FilmView.swift */ = {isa = PBXFileReference; lastKnownFileType = sourcecode.swift; path = FilmView.swift; sourceTree = "<group>"; };
		8F35A9B223CBA2B30045DEEC /* FilmViewModel.swift */ = {isa = PBXFileReference; lastKnownFileType = sourcecode.swift; path = FilmViewModel.swift; sourceTree = "<group>"; };
		8F4AEEEC23CA9A1A005B27C8 /* SpeciesResponse.swift */ = {isa = PBXFileReference; lastKnownFileType = sourcecode.swift; path = SpeciesResponse.swift; sourceTree = "<group>"; };
		8F4AEEEE23CA9C11005B27C8 /* Data.swift */ = {isa = PBXFileReference; lastKnownFileType = sourcecode.swift; path = Data.swift; sourceTree = "<group>"; };
		8F4CEAE623C9518F000AAD47 /* StarWarsReader.app */ = {isa = PBXFileReference; explicitFileType = wrapper.application; includeInIndex = 0; path = StarWarsReader.app; sourceTree = BUILT_PRODUCTS_DIR; };
		8F4CEAE923C9518F000AAD47 /* AppDelegate.swift */ = {isa = PBXFileReference; lastKnownFileType = sourcecode.swift; path = AppDelegate.swift; sourceTree = "<group>"; };
		8F4CEAEB23C9518F000AAD47 /* SceneDelegate.swift */ = {isa = PBXFileReference; lastKnownFileType = sourcecode.swift; path = SceneDelegate.swift; sourceTree = "<group>"; };
		8F4CEAED23C9518F000AAD47 /* ContentView.swift */ = {isa = PBXFileReference; lastKnownFileType = sourcecode.swift; path = ContentView.swift; sourceTree = "<group>"; };
		8F4CEAEF23C95199000AAD47 /* Assets.xcassets */ = {isa = PBXFileReference; lastKnownFileType = folder.assetcatalog; path = Assets.xcassets; sourceTree = "<group>"; };
		8F4CEAF223C95199000AAD47 /* Preview Assets.xcassets */ = {isa = PBXFileReference; lastKnownFileType = folder.assetcatalog; path = "Preview Assets.xcassets"; sourceTree = "<group>"; };
		8F4CEAF523C95199000AAD47 /* Base */ = {isa = PBXFileReference; lastKnownFileType = file.storyboard; name = Base; path = Base.lproj/LaunchScreen.storyboard; sourceTree = "<group>"; };
		8F4CEAF723C95199000AAD47 /* Info.plist */ = {isa = PBXFileReference; lastKnownFileType = text.plist.xml; path = Info.plist; sourceTree = "<group>"; };
		8F4CEAFC23C95199000AAD47 /* StarWarsReaderTests.xctest */ = {isa = PBXFileReference; explicitFileType = wrapper.cfbundle; includeInIndex = 0; path = StarWarsReaderTests.xctest; sourceTree = BUILT_PRODUCTS_DIR; };
		8F4CEB0223C95199000AAD47 /* Info.plist */ = {isa = PBXFileReference; lastKnownFileType = text.plist.xml; path = Info.plist; sourceTree = "<group>"; };
		8F4CEB0C23CA20C1000AAD47 /* Swapi.swift */ = {isa = PBXFileReference; lastKnownFileType = sourcecode.swift; path = Swapi.swift; sourceTree = "<group>"; };
		8F4CEB0F23CA255E000AAD47 /* Film.swift */ = {isa = PBXFileReference; lastKnownFileType = sourcecode.swift; path = Film.swift; sourceTree = "<group>"; };
		8F4CEB1123CA2F81000AAD47 /* FilmsResponse.swift */ = {isa = PBXFileReference; lastKnownFileType = sourcecode.swift; path = FilmsResponse.swift; sourceTree = "<group>"; };
		8F4CEB1323CA31AC000AAD47 /* Person.swift */ = {isa = PBXFileReference; lastKnownFileType = sourcecode.swift; path = Person.swift; sourceTree = "<group>"; };
		8F4CEB1523CA3D67000AAD47 /* PeopleResponse.swift */ = {isa = PBXFileReference; lastKnownFileType = sourcecode.swift; path = PeopleResponse.swift; sourceTree = "<group>"; };
		8F4CEB1723CA4047000AAD47 /* Planet.swift */ = {isa = PBXFileReference; lastKnownFileType = sourcecode.swift; path = Planet.swift; sourceTree = "<group>"; };
		8F4CEB1923CA444A000AAD47 /* PlanetsResponse.swift */ = {isa = PBXFileReference; lastKnownFileType = sourcecode.swift; path = PlanetsResponse.swift; sourceTree = "<group>"; };
		8F4CEB1B23CA47BB000AAD47 /* Starship.swift */ = {isa = PBXFileReference; lastKnownFileType = sourcecode.swift; path = Starship.swift; sourceTree = "<group>"; };
		8F4CEB1D23CA4C77000AAD47 /* StarshipsResponse.swift */ = {isa = PBXFileReference; lastKnownFileType = sourcecode.swift; path = StarshipsResponse.swift; sourceTree = "<group>"; };
		8F4CEB1F23CA5217000AAD47 /* Vehicle.swift */ = {isa = PBXFileReference; lastKnownFileType = sourcecode.swift; path = Vehicle.swift; sourceTree = "<group>"; };
		8F4CEB2123CA5A66000AAD47 /* VehiclesResponse.swift */ = {isa = PBXFileReference; lastKnownFileType = sourcecode.swift; path = VehiclesResponse.swift; sourceTree = "<group>"; };
		8F4CEB2423CA6059000AAD47 /* Species.swift */ = {isa = PBXFileReference; lastKnownFileType = sourcecode.swift; path = Species.swift; sourceTree = "<group>"; };
		8F7E5C9323CD26BE00CC5A8E /* PersonView.swift */ = {isa = PBXFileReference; lastKnownFileType = sourcecode.swift; path = PersonView.swift; sourceTree = "<group>"; };
		8F7E5C9523CD26CB00CC5A8E /* PersonViewModel.swift */ = {isa = PBXFileReference; lastKnownFileType = sourcecode.swift; path = PersonViewModel.swift; sourceTree = "<group>"; };
		8F7E5C9823CD2A4400CC5A8E /* SinglePersonQuery.graphql */ = {isa = PBXFileReference; lastKnownFileType = text; path = SinglePersonQuery.graphql; sourceTree = "<group>"; };
		8F7E5C9A23CD34E600CC5A8E /* HomeworldRowView.swift */ = {isa = PBXFileReference; lastKnownFileType = sourcecode.swift; path = HomeworldRowView.swift; sourceTree = "<group>"; };
		8F7E5C9C23CD379600CC5A8E /* SpeciesRowView.swift */ = {isa = PBXFileReference; lastKnownFileType = sourcecode.swift; path = SpeciesRowView.swift; sourceTree = "<group>"; };
		8F7E5CA023CD39D300CC5A8E /* StarshipRowView.swift */ = {isa = PBXFileReference; lastKnownFileType = sourcecode.swift; path = StarshipRowView.swift; sourceTree = "<group>"; };
		8F7E5CA223CD3B1C00CC5A8E /* VehicleRowView.swift */ = {isa = PBXFileReference; lastKnownFileType = sourcecode.swift; path = VehicleRowView.swift; sourceTree = "<group>"; };
		8F7E5CA623CD3D2100CC5A8E /* PersonFilmRowView.swift */ = {isa = PBXFileReference; lastKnownFileType = sourcecode.swift; path = PersonFilmRowView.swift; sourceTree = "<group>"; };
		8F7E5CA823CD3F9A00CC5A8E /* CharacterRowView.swift */ = {isa = PBXFileReference; lastKnownFileType = sourcecode.swift; path = CharacterRowView.swift; sourceTree = "<group>"; };
		8F7E5CAA23CD42F100CC5A8E /* CharacterListView.swift */ = {isa = PBXFileReference; lastKnownFileType = sourcecode.swift; path = CharacterListView.swift; sourceTree = "<group>"; };
		8F7E5CAC23CD49EB00CC5A8E /* NavigationDestination.swift */ = {isa = PBXFileReference; lastKnownFileType = sourcecode.swift; path = NavigationDestination.swift; sourceTree = "<group>"; };
		8F7E5CAE23CD516A00CC5A8E /* FilmViewSection.swift */ = {isa = PBXFileReference; lastKnownFileType = sourcecode.swift; path = FilmViewSection.swift; sourceTree = "<group>"; };
		8F7E5CB023CD585200CC5A8E /* FilmPlanetListView.swift */ = {isa = PBXFileReference; lastKnownFileType = sourcecode.swift; path = FilmPlanetListView.swift; sourceTree = "<group>"; };
		8F7E5CB223CD58E500CC5A8E /* FilmPlanetRowView.swift */ = {isa = PBXFileReference; lastKnownFileType = sourcecode.swift; path = FilmPlanetRowView.swift; sourceTree = "<group>"; };
		8F7E5CB423CD5E7D00CC5A8E /* FilmSpeciesListView.swift */ = {isa = PBXFileReference; lastKnownFileType = sourcecode.swift; path = FilmSpeciesListView.swift; sourceTree = "<group>"; };
		8F7E5CB623CD5E8E00CC5A8E /* FilmSpeciesRowView.swift */ = {isa = PBXFileReference; lastKnownFileType = sourcecode.swift; path = FilmSpeciesRowView.swift; sourceTree = "<group>"; };
		8F7E5CB823CD637300CC5A8E /* FilmStarshipListView.swift */ = {isa = PBXFileReference; lastKnownFileType = sourcecode.swift; path = FilmStarshipListView.swift; sourceTree = "<group>"; };
		8F7E5CBA23CD638000CC5A8E /* FilmStarshipRowView.swift */ = {isa = PBXFileReference; lastKnownFileType = sourcecode.swift; path = FilmStarshipRowView.swift; sourceTree = "<group>"; };
		8F7E5CBC23CD670600CC5A8E /* FilmVehicleListView.swift */ = {isa = PBXFileReference; lastKnownFileType = sourcecode.swift; path = FilmVehicleListView.swift; sourceTree = "<group>"; };
		8F7E5CBE23CD671200CC5A8E /* FilmVehicleRowView.swift */ = {isa = PBXFileReference; lastKnownFileType = sourcecode.swift; path = FilmVehicleRowView.swift; sourceTree = "<group>"; };
		8F7E5CC023CDBC1100CC5A8E /* PlanetView.swift */ = {isa = PBXFileReference; lastKnownFileType = sourcecode.swift; path = PlanetView.swift; sourceTree = "<group>"; };
		8F7E5CC323CDBC4000CC5A8E /* PlanetViewModel.swift */ = {isa = PBXFileReference; lastKnownFileType = sourcecode.swift; path = PlanetViewModel.swift; sourceTree = "<group>"; };
		8F7E5CC523CDC1B100CC5A8E /* SinglePlanetQuery.graphql */ = {isa = PBXFileReference; lastKnownFileType = text; path = SinglePlanetQuery.graphql; sourceTree = "<group>"; };
		8F7E5CC723CDC53F00CC5A8E /* PlanetParsingTests.swift */ = {isa = PBXFileReference; lastKnownFileType = sourcecode.swift; path = PlanetParsingTests.swift; sourceTree = "<group>"; };
		8F7E5CC923CDCF1600CC5A8E /* PlanetFilmRowView.swift */ = {isa = PBXFileReference; lastKnownFileType = sourcecode.swift; path = PlanetFilmRowView.swift; sourceTree = "<group>"; };
		8F7E5CCB23CDD09B00CC5A8E /* ResidentRowView.swift */ = {isa = PBXFileReference; lastKnownFileType = sourcecode.swift; path = ResidentRowView.swift; sourceTree = "<group>"; };
		8F7E5CCE23CDDC8100CC5A8E /* SpeciesView.swift */ = {isa = PBXFileReference; lastKnownFileType = sourcecode.swift; path = SpeciesView.swift; sourceTree = "<group>"; };
		8F7E5CD023CDDC8B00CC5A8E /* SpeciesViewModel.swift */ = {isa = PBXFileReference; lastKnownFileType = sourcecode.swift; path = SpeciesViewModel.swift; sourceTree = "<group>"; };
		8F7E5CD223CDE15200CC5A8E /* SingleSpeciesQuery.graphql */ = {isa = PBXFileReference; lastKnownFileType = text; path = SingleSpeciesQuery.graphql; sourceTree = "<group>"; };
		8F7E5CD423CDE68500CC5A8E /* SpeciesParsingTests.swift */ = {isa = PBXFileReference; lastKnownFileType = sourcecode.swift; path = SpeciesParsingTests.swift; sourceTree = "<group>"; };
		8F7E5CD623CDEAB800CC5A8E /* SpeciesPersonRowView.swift */ = {isa = PBXFileReference; lastKnownFileType = sourcecode.swift; path = SpeciesPersonRowView.swift; sourceTree = "<group>"; };
		8F7E5CD823CDED9700CC5A8E /* SpeciesFilmRowView.swift */ = {isa = PBXFileReference; lastKnownFileType = sourcecode.swift; path = SpeciesFilmRowView.swift; sourceTree = "<group>"; };
		8F7E5CDB23CE577400CC5A8E /* StarshipView.swift */ = {isa = PBXFileReference; lastKnownFileType = sourcecode.swift; path = StarshipView.swift; sourceTree = "<group>"; };
		8F7E5CDD23CE578100CC5A8E /* StarshipViewModel.swift */ = {isa = PBXFileReference; lastKnownFileType = sourcecode.swift; path = StarshipViewModel.swift; sourceTree = "<group>"; };
		8F7E5CDF23CE57F500CC5A8E /* StarshipParsingTests.swift */ = {isa = PBXFileReference; lastKnownFileType = sourcecode.swift; path = StarshipParsingTests.swift; sourceTree = "<group>"; };
		8F7E5CE123CE59A700CC5A8E /* SingleStarshipQuery.graphql */ = {isa = PBXFileReference; lastKnownFileType = text; path = SingleStarshipQuery.graphql; sourceTree = "<group>"; };
		8F7E5CE323CE6E1D00CC5A8E /* StarshipFilmRowView.swift */ = {isa = PBXFileReference; lastKnownFileType = sourcecode.swift; path = StarshipFilmRowView.swift; sourceTree = "<group>"; };
		8F7E5CE523CE704600CC5A8E /* PilotRowView.swift */ = {isa = PBXFileReference; lastKnownFileType = sourcecode.swift; path = PilotRowView.swift; sourceTree = "<group>"; };
		8F7E5CE723CE785B00CC5A8E /* SingleVehicleQuery.graphql */ = {isa = PBXFileReference; lastKnownFileType = text; path = SingleVehicleQuery.graphql; sourceTree = "<group>"; };
		8F7E5CEA23CE7AC600CC5A8E /* VehicleView.swift */ = {isa = PBXFileReference; lastKnownFileType = sourcecode.swift; path = VehicleView.swift; sourceTree = "<group>"; };
		8F7E5CEC23CE7AD600CC5A8E /* VehicleViewModel.swift */ = {isa = PBXFileReference; lastKnownFileType = sourcecode.swift; path = VehicleViewModel.swift; sourceTree = "<group>"; };
		8F7E5CEE23CE83E100CC5A8E /* VehicleParsingTests.swift */ = {isa = PBXFileReference; lastKnownFileType = sourcecode.swift; path = VehicleParsingTests.swift; sourceTree = "<group>"; };
		8F7E5CF023CE854000CC5A8E /* VehicleFilmRowView.swift */ = {isa = PBXFileReference; lastKnownFileType = sourcecode.swift; path = VehicleFilmRowView.swift; sourceTree = "<group>"; };
		8F7E5CF223CE871C00CC5A8E /* VehiclePilotRowView.swift */ = {isa = PBXFileReference; lastKnownFileType = sourcecode.swift; path = VehiclePilotRowView.swift; sourceTree = "<group>"; };
		8FDD8CBC23CAA1B800851267 /* SwapiResponse.swift */ = {isa = PBXFileReference; lastKnownFileType = sourcecode.swift; path = SwapiResponse.swift; sourceTree = "<group>"; };
		8FDD8CBE23CAB23900851267 /* FilmParsingTests.swift */ = {isa = PBXFileReference; lastKnownFileType = sourcecode.swift; path = FilmParsingTests.swift; sourceTree = "<group>"; };
		8FDD8CC223CB61CD00851267 /* luke.json */ = {isa = PBXFileReference; fileEncoding = 4; lastKnownFileType = text.json; path = luke.json; sourceTree = "<group>"; };
		8FDD8CC323CB61CD00851267 /* allSpecies.json */ = {isa = PBXFileReference; fileEncoding = 4; lastKnownFileType = text.json; path = allSpecies.json; sourceTree = "<group>"; };
		8FDD8CC423CB61CD00851267 /* films.json */ = {isa = PBXFileReference; fileEncoding = 4; lastKnownFileType = text.json; path = films.json; sourceTree = "<group>"; };
		8FDD8CC523CB61CD00851267 /* falcon.json */ = {isa = PBXFileReference; fileEncoding = 4; lastKnownFileType = text.json; path = falcon.json; sourceTree = "<group>"; };
		8FDD8CC623CB61CD00851267 /* airspeeder.json */ = {isa = PBXFileReference; fileEncoding = 4; lastKnownFileType = text.json; path = airspeeder.json; sourceTree = "<group>"; };
		8FDD8CC723CB61CD00851267 /* allPersons.json */ = {isa = PBXFileReference; fileEncoding = 4; lastKnownFileType = text.json; path = allPersons.json; sourceTree = "<group>"; };
		8FDD8CC823CB61CD00851267 /* allVehicles.json */ = {isa = PBXFileReference; fileEncoding = 4; lastKnownFileType = text.json; path = allVehicles.json; sourceTree = "<group>"; };
		8FDD8CC923CB61CD00851267 /* newHope.json */ = {isa = PBXFileReference; fileEncoding = 4; lastKnownFileType = text.json; path = newHope.json; sourceTree = "<group>"; };
		8FDD8CCA23CB61CD00851267 /* allFilms.json */ = {isa = PBXFileReference; fileEncoding = 4; lastKnownFileType = text.json; path = allFilms.json; sourceTree = "<group>"; };
		8FDD8CCB23CB61CD00851267 /* tatooine.json */ = {isa = PBXFileReference; fileEncoding = 4; lastKnownFileType = text.json; path = tatooine.json; sourceTree = "<group>"; };
		8FDD8CCC23CB61CD00851267 /* allPlanets.json */ = {isa = PBXFileReference; fileEncoding = 4; lastKnownFileType = text.json; path = allPlanets.json; sourceTree = "<group>"; };
		8FDD8CCD23CB61CD00851267 /* allStarships.json */ = {isa = PBXFileReference; fileEncoding = 4; lastKnownFileType = text.json; path = allStarships.json; sourceTree = "<group>"; };
		8FDD8CCE23CB61CD00851267 /* twilek.json */ = {isa = PBXFileReference; fileEncoding = 4; lastKnownFileType = text.json; path = twilek.json; sourceTree = "<group>"; };
		8FDD8CDC23CB62FF00851267 /* Parsing.swift */ = {isa = PBXFileReference; lastKnownFileType = sourcecode.swift; path = Parsing.swift; sourceTree = "<group>"; };
/* End PBXFileReference section */

/* Begin PBXFrameworksBuildPhase section */
		8F4CEAE323C9518F000AAD47 /* Frameworks */ = {
			isa = PBXFrameworksBuildPhase;
			buildActionMask = 2147483647;
			files = (
			);
			runOnlyForDeploymentPostprocessing = 0;
		};
		8F4CEAF923C95199000AAD47 /* Frameworks */ = {
			isa = PBXFrameworksBuildPhase;
			buildActionMask = 2147483647;
			files = (
			);
			runOnlyForDeploymentPostprocessing = 0;
		};
/* End PBXFrameworksBuildPhase section */

/* Begin PBXGroup section */
		8F35A99E23CB773B0045DEEC /* Queries */ = {
			isa = PBXGroup;
			children = (
				8F35A99C23CB77170045DEEC /* AllFilmsQuery.graphql */,
				8F35A99F23CB7BB90045DEEC /* SingleFilmQuery.graphql */,
				8F7E5C9823CD2A4400CC5A8E /* SinglePersonQuery.graphql */,
				8F7E5CC523CDC1B100CC5A8E /* SinglePlanetQuery.graphql */,
				8F7E5CD223CDE15200CC5A8E /* SingleSpeciesQuery.graphql */,
				8F7E5CE123CE59A700CC5A8E /* SingleStarshipQuery.graphql */,
				8F7E5CE723CE785B00CC5A8E /* SingleVehicleQuery.graphql */,
			);
			path = Queries;
			sourceTree = "<group>";
		};
		8F35A9A723CB94740045DEEC /* FilmsList */ = {
			isa = PBXGroup;
			children = (
				8F35A9AA23CB9C720045DEEC /* FilmRowView.swift */,
				8F35A9AC23CB9F690045DEEC /* FilmRowViewModel.swift */,
				8F35A9A323CB945F0045DEEC /* FilmsListView.swift */,
				8F35A9A523CB94700045DEEC /* FilmsListViewModel.swift */,
			);
			path = FilmsList;
			sourceTree = "<group>";
		};
		8F35A9B423CBA2BA0045DEEC /* FilmView */ = {
			isa = PBXGroup;
			children = (
				8F7E5CAA23CD42F100CC5A8E /* CharacterListView.swift */,
				8F7E5CA823CD3F9A00CC5A8E /* CharacterRowView.swift */,
				8F7E5CB023CD585200CC5A8E /* FilmPlanetListView.swift */,
				8F7E5CB223CD58E500CC5A8E /* FilmPlanetRowView.swift */,
				8F7E5CB423CD5E7D00CC5A8E /* FilmSpeciesListView.swift */,
				8F7E5CB623CD5E8E00CC5A8E /* FilmSpeciesRowView.swift */,
				8F7E5CB823CD637300CC5A8E /* FilmStarshipListView.swift */,
				8F7E5CBA23CD638000CC5A8E /* FilmStarshipRowView.swift */,
				8F7E5CBC23CD670600CC5A8E /* FilmVehicleListView.swift */,
				8F7E5CBE23CD671200CC5A8E /* FilmVehicleRowView.swift */,
				8F35A9B023CBA2AA0045DEEC /* FilmView.swift */,
				8F35A9B223CBA2B30045DEEC /* FilmViewModel.swift */,
				8F7E5CAE23CD516A00CC5A8E /* FilmViewSection.swift */,
				8F7E5CAC23CD49EB00CC5A8E /* NavigationDestination.swift */,
			);
			path = FilmView;
			sourceTree = "<group>";
		};
		8F4CEADD23C9518F000AAD47 = {
			isa = PBXGroup;
			children = (
				8F4CEAE823C9518F000AAD47 /* StarWarsReader */,
				8F4CEAFF23C95199000AAD47 /* StarWarsReaderTests */,
				8F4CEAE723C9518F000AAD47 /* Products */,
			);
			sourceTree = "<group>";
		};
		8F4CEAE723C9518F000AAD47 /* Products */ = {
			isa = PBXGroup;
			children = (
				8F4CEAE623C9518F000AAD47 /* StarWarsReader.app */,
				8F4CEAFC23C95199000AAD47 /* StarWarsReaderTests.xctest */,
			);
			name = Products;
			sourceTree = "<group>";
		};
		8F4CEAE823C9518F000AAD47 /* StarWarsReader */ = {
			isa = PBXGroup;
			children = (
				8F4CEAF723C95199000AAD47 /* Info.plist */,
				8F4CEAE923C9518F000AAD47 /* AppDelegate.swift */,
				8F4CEAED23C9518F000AAD47 /* ContentView.swift */,
				8F4CEAEB23C9518F000AAD47 /* SceneDelegate.swift */,
				8F4CEAEF23C95199000AAD47 /* Assets.xcassets */,
				8F4CEAF423C95199000AAD47 /* LaunchScreen.storyboard */,
				8FDD8CC023CB61AE00851267 /* Data */,
				8F35A9A723CB94740045DEEC /* FilmsList */,
				8F35A9B423CBA2BA0045DEEC /* FilmView */,
				8F4CEB0E23CA2171000AAD47 /* Models */,
				8F4CEB0B23CA2039000AAD47 /* Networking */,
				8FDD8CDE23CB630600851267 /* Parsing */,
				8F7E5C9723CD26D600CC5A8E /* PersonView */,
				8F7E5CC223CDBC1700CC5A8E /* PlanetView */,
				8F7E5CCD23CDDC6400CC5A8E /* SpeciesView */,
				8F7E5CDA23CE576000CC5A8E /* StarshipView */,
				8F7E5CE923CE7A9E00CC5A8E /* VehicleView */,
				8F4CEAF123C95199000AAD47 /* Preview Content */,
			);
			path = StarWarsReader;
			sourceTree = "<group>";
		};
		8F4CEAF123C95199000AAD47 /* Preview Content */ = {
			isa = PBXGroup;
			children = (
				8F4CEAF223C95199000AAD47 /* Preview Assets.xcassets */,
			);
			path = "Preview Content";
			sourceTree = "<group>";
		};
		8F4CEAFF23C95199000AAD47 /* StarWarsReaderTests */ = {
			isa = PBXGroup;
			children = (
				8FDD8CBE23CAB23900851267 /* FilmParsingTests.swift */,
				8F35A99623CB648B0045DEEC /* FullFilmParsingTests.swift */,
				8F7E5CC723CDC53F00CC5A8E /* PlanetParsingTests.swift */,
				8F7E5CD423CDE68500CC5A8E /* SpeciesParsingTests.swift */,
				8F7E5CDF23CE57F500CC5A8E /* StarshipParsingTests.swift */,
				8F7E5CEE23CE83E100CC5A8E /* VehicleParsingTests.swift */,
				8F35A9A123CB7D7F0045DEEC /* QueryTests.swift */,
				8F35A9A823CB97720045DEEC /* MockDataTests.swift */,
				8F4CEB0223C95199000AAD47 /* Info.plist */,
			);
			path = StarWarsReaderTests;
			sourceTree = "<group>";
		};
		8F4CEB0B23CA2039000AAD47 /* Networking */ = {
			isa = PBXGroup;
			children = (
				8F4CEB0C23CA20C1000AAD47 /* Swapi.swift */,
				8F35A99823CB6B930045DEEC /* DataFetcher.swift */,
				8F35A99A23CB6F8D0045DEEC /* SwapiQuery.swift */,
				8FDD8CBC23CAA1B800851267 /* SwapiResponse.swift */,
				8F35A99E23CB773B0045DEEC /* Queries */,
			);
			path = Networking;
			sourceTree = "<group>";
		};
		8F4CEB0E23CA2171000AAD47 /* Models */ = {
			isa = PBXGroup;
			children = (
				8F4CEB0F23CA255E000AAD47 /* Film.swift */,
				8F35A9AE23CBA0870045DEEC /* Film+Strings.swift */,
				8F4CEB1123CA2F81000AAD47 /* FilmsResponse.swift */,
				8F4CEB1323CA31AC000AAD47 /* Person.swift */,
				8F4CEB1523CA3D67000AAD47 /* PeopleResponse.swift */,
				8F4CEB1723CA4047000AAD47 /* Planet.swift */,
				8F4CEB1923CA444A000AAD47 /* PlanetsResponse.swift */,
				8F4CEB2423CA6059000AAD47 /* Species.swift */,
				8F4AEEEC23CA9A1A005B27C8 /* SpeciesResponse.swift */,
				8F4CEB1B23CA47BB000AAD47 /* Starship.swift */,
				8F4CEB1D23CA4C77000AAD47 /* StarshipsResponse.swift */,
				8F4CEB1F23CA5217000AAD47 /* Vehicle.swift */,
				8F4CEB2123CA5A66000AAD47 /* VehiclesResponse.swift */,
			);
			path = Models;
			sourceTree = "<group>";
		};
		8F7E5C9723CD26D600CC5A8E /* PersonView */ = {
			isa = PBXGroup;
			children = (
				8F7E5C9323CD26BE00CC5A8E /* PersonView.swift */,
				8F7E5C9523CD26CB00CC5A8E /* PersonViewModel.swift */,
				8F7E5C9A23CD34E600CC5A8E /* HomeworldRowView.swift */,
				8F7E5C9C23CD379600CC5A8E /* SpeciesRowView.swift */,
				8F7E5CA023CD39D300CC5A8E /* StarshipRowView.swift */,
				8F7E5CA223CD3B1C00CC5A8E /* VehicleRowView.swift */,
				8F7E5CA623CD3D2100CC5A8E /* PersonFilmRowView.swift */,
			);
			path = PersonView;
			sourceTree = "<group>";
		};
		8F7E5CC223CDBC1700CC5A8E /* PlanetView */ = {
			isa = PBXGroup;
			children = (
				8F7E5CC923CDCF1600CC5A8E /* PlanetFilmRowView.swift */,
				8F7E5CC023CDBC1100CC5A8E /* PlanetView.swift */,
				8F7E5CC323CDBC4000CC5A8E /* PlanetViewModel.swift */,
				8F7E5CCB23CDD09B00CC5A8E /* ResidentRowView.swift */,
			);
			path = PlanetView;
			sourceTree = "<group>";
		};
		8F7E5CCD23CDDC6400CC5A8E /* SpeciesView */ = {
			isa = PBXGroup;
			children = (
				8F7E5CD823CDED9700CC5A8E /* SpeciesFilmRowView.swift */,
				8F7E5CD623CDEAB800CC5A8E /* SpeciesPersonRowView.swift */,
				8F7E5CCE23CDDC8100CC5A8E /* SpeciesView.swift */,
				8F7E5CD023CDDC8B00CC5A8E /* SpeciesViewModel.swift */,
			);
			path = SpeciesView;
			sourceTree = "<group>";
		};
		8F7E5CDA23CE576000CC5A8E /* StarshipView */ = {
			isa = PBXGroup;
			children = (
				8F7E5CDB23CE577400CC5A8E /* StarshipView.swift */,
				8F7E5CE523CE704600CC5A8E /* PilotRowView.swift */,
				8F7E5CE323CE6E1D00CC5A8E /* StarshipFilmRowView.swift */,
				8F7E5CDD23CE578100CC5A8E /* StarshipViewModel.swift */,
			);
			path = StarshipView;
			sourceTree = "<group>";
		};
		8F7E5CE923CE7A9E00CC5A8E /* VehicleView */ = {
			isa = PBXGroup;
			children = (
				8F7E5CEA23CE7AC600CC5A8E /* VehicleView.swift */,
				8F7E5CF223CE871C00CC5A8E /* VehiclePilotRowView.swift */,
				8F7E5CF023CE854000CC5A8E /* VehicleFilmRowView.swift */,
				8F7E5CEC23CE7AD600CC5A8E /* VehicleViewModel.swift */,
			);
			path = VehicleView;
			sourceTree = "<group>";
		};
		8FDD8CC023CB61AE00851267 /* Data */ = {
			isa = PBXGroup;
			children = (
				8F4AEEEE23CA9C11005B27C8 /* Data.swift */,
				8FDD8CC123CB61CD00851267 /* Resources */,
			);
			path = Data;
			sourceTree = "<group>";
		};
		8FDD8CC123CB61CD00851267 /* Resources */ = {
			isa = PBXGroup;
			children = (
				8FDD8CC623CB61CD00851267 /* airspeeder.json */,
				8FDD8CCA23CB61CD00851267 /* allFilms.json */,
				8FDD8CC723CB61CD00851267 /* allPersons.json */,
				8FDD8CCC23CB61CD00851267 /* allPlanets.json */,
				8FDD8CC323CB61CD00851267 /* allSpecies.json */,
				8FDD8CCD23CB61CD00851267 /* allStarships.json */,
				8FDD8CC823CB61CD00851267 /* allVehicles.json */,
				8FDD8CC523CB61CD00851267 /* falcon.json */,
				8FDD8CC423CB61CD00851267 /* films.json */,
				8FDD8CC223CB61CD00851267 /* luke.json */,
				8FDD8CC923CB61CD00851267 /* newHope.json */,
				8FDD8CCB23CB61CD00851267 /* tatooine.json */,
				8FDD8CCE23CB61CD00851267 /* twilek.json */,
			);
			name = Resources;
			path = StarWarsReader/Resources;
			sourceTree = SOURCE_ROOT;
		};
		8FDD8CDE23CB630600851267 /* Parsing */ = {
			isa = PBXGroup;
			children = (
				8FDD8CDC23CB62FF00851267 /* Parsing.swift */,
			);
			path = Parsing;
			sourceTree = "<group>";
		};
/* End PBXGroup section */

/* Begin PBXNativeTarget section */
		8F4CEAE523C9518F000AAD47 /* StarWarsReader */ = {
			isa = PBXNativeTarget;
			buildConfigurationList = 8F4CEB0523C95199000AAD47 /* Build configuration list for PBXNativeTarget "StarWarsReader" */;
			buildPhases = (
				8F4CEAE223C9518F000AAD47 /* Sources */,
				8F4CEAE323C9518F000AAD47 /* Frameworks */,
				8F4CEAE423C9518F000AAD47 /* Resources */,
				8F4CEB2323CA5B7A000AAD47 /* ShellScript */,
			);
			buildRules = (
			);
			dependencies = (
			);
			name = StarWarsReader;
			productName = StarWarsReader;
			productReference = 8F4CEAE623C9518F000AAD47 /* StarWarsReader.app */;
			productType = "com.apple.product-type.application";
		};
		8F4CEAFB23C95199000AAD47 /* StarWarsReaderTests */ = {
			isa = PBXNativeTarget;
			buildConfigurationList = 8F4CEB0823C95199000AAD47 /* Build configuration list for PBXNativeTarget "StarWarsReaderTests" */;
			buildPhases = (
				8F4CEAF823C95199000AAD47 /* Sources */,
				8F4CEAF923C95199000AAD47 /* Frameworks */,
				8F4CEAFA23C95199000AAD47 /* Resources */,
			);
			buildRules = (
			);
			dependencies = (
				8F4CEAFE23C95199000AAD47 /* PBXTargetDependency */,
			);
			name = StarWarsReaderTests;
			productName = StarWarsReaderTests;
			productReference = 8F4CEAFC23C95199000AAD47 /* StarWarsReaderTests.xctest */;
			productType = "com.apple.product-type.bundle.unit-test";
		};
/* End PBXNativeTarget section */

/* Begin PBXProject section */
		8F4CEADE23C9518F000AAD47 /* Project object */ = {
			isa = PBXProject;
			attributes = {
				LastSwiftUpdateCheck = 1130;
				LastUpgradeCheck = 1130;
				ORGANIZATIONNAME = thinx;
				TargetAttributes = {
					8F4CEAE523C9518F000AAD47 = {
						CreatedOnToolsVersion = 11.3;
					};
					8F4CEAFB23C95199000AAD47 = {
						CreatedOnToolsVersion = 11.3;
						TestTargetID = 8F4CEAE523C9518F000AAD47;
					};
				};
			};
			buildConfigurationList = 8F4CEAE123C9518F000AAD47 /* Build configuration list for PBXProject "StarWarsReader" */;
			compatibilityVersion = "Xcode 9.3";
			developmentRegion = en;
			hasScannedForEncodings = 0;
			knownRegions = (
				en,
				Base,
			);
			mainGroup = 8F4CEADD23C9518F000AAD47;
			productRefGroup = 8F4CEAE723C9518F000AAD47 /* Products */;
			projectDirPath = "";
			projectRoot = "";
			targets = (
				8F4CEAE523C9518F000AAD47 /* StarWarsReader */,
				8F4CEAFB23C95199000AAD47 /* StarWarsReaderTests */,
			);
		};
/* End PBXProject section */

/* Begin PBXResourcesBuildPhase section */
		8F4CEAE423C9518F000AAD47 /* Resources */ = {
			isa = PBXResourcesBuildPhase;
			buildActionMask = 2147483647;
			files = (
				8FDD8CD523CB61CD00851267 /* allVehicles.json in Resources */,
				8F7E5CD323CDE15200CC5A8E /* SingleSpeciesQuery.graphql in Resources */,
				8F35A9A023CB7BB90045DEEC /* SingleFilmQuery.graphql in Resources */,
				8F4CEAF623C95199000AAD47 /* LaunchScreen.storyboard in Resources */,
				8FDD8CD823CB61CD00851267 /* tatooine.json in Resources */,
				8F4CEAF323C95199000AAD47 /* Preview Assets.xcassets in Resources */,
				8FDD8CD423CB61CD00851267 /* allPersons.json in Resources */,
				8F7E5CE223CE59A700CC5A8E /* SingleStarshipQuery.graphql in Resources */,
				8FDD8CCF23CB61CD00851267 /* luke.json in Resources */,
				8FDD8CD323CB61CD00851267 /* airspeeder.json in Resources */,
				8FDD8CD223CB61CD00851267 /* falcon.json in Resources */,
				8FDD8CDA23CB61CD00851267 /* allStarships.json in Resources */,
				8FDD8CD623CB61CD00851267 /* newHope.json in Resources */,
				8FDD8CD023CB61CD00851267 /* allSpecies.json in Resources */,
				8FDD8CD723CB61CD00851267 /* allFilms.json in Resources */,
				8F4CEAF023C95199000AAD47 /* Assets.xcassets in Resources */,
				8F7E5CE823CE785B00CC5A8E /* SingleVehicleQuery.graphql in Resources */,
				8F7E5CC623CDC1B100CC5A8E /* SinglePlanetQuery.graphql in Resources */,
				8FDD8CDB23CB61CD00851267 /* twilek.json in Resources */,
				8F7E5C9923CD2A4400CC5A8E /* SinglePersonQuery.graphql in Resources */,
				8FDD8CD123CB61CD00851267 /* films.json in Resources */,
				8F35A99D23CB77170045DEEC /* AllFilmsQuery.graphql in Resources */,
				8FDD8CD923CB61CD00851267 /* allPlanets.json in Resources */,
			);
			runOnlyForDeploymentPostprocessing = 0;
		};
		8F4CEAFA23C95199000AAD47 /* Resources */ = {
			isa = PBXResourcesBuildPhase;
			buildActionMask = 2147483647;
			files = (
			);
			runOnlyForDeploymentPostprocessing = 0;
		};
/* End PBXResourcesBuildPhase section */

/* Begin PBXShellScriptBuildPhase section */
		8F4CEB2323CA5B7A000AAD47 /* ShellScript */ = {
			isa = PBXShellScriptBuildPhase;
			buildActionMask = 2147483647;
			files = (
			);
			inputFileListPaths = (
			);
			inputPaths = (
			);
			outputFileListPaths = (
			);
			outputPaths = (
			);
			runOnlyForDeploymentPostprocessing = 0;
			shellPath = /bin/sh;
			shellScript = "# Type a script or drag a script file from your workspace to insert its path.\nif which swiftlint >/dev/null; then\n  swiftlint\nelse\n  echo \"warning: SwiftLint not installed, download from https://github.com/realm/SwiftLint\"\nfi\n";
		};
/* End PBXShellScriptBuildPhase section */

/* Begin PBXSourcesBuildPhase section */
		8F4CEAE223C9518F000AAD47 /* Sources */ = {
			isa = PBXSourcesBuildPhase;
			buildActionMask = 2147483647;
			files = (
				8F4CEB2023CA5217000AAD47 /* Vehicle.swift in Sources */,
				8F4CEB1023CA255E000AAD47 /* Film.swift in Sources */,
				8F35A9B123CBA2AA0045DEEC /* FilmView.swift in Sources */,
				8F7E5CCF23CDDC8100CC5A8E /* SpeciesView.swift in Sources */,
				8F7E5CDE23CE578100CC5A8E /* StarshipViewModel.swift in Sources */,
				8FDD8CDD23CB62FF00851267 /* Parsing.swift in Sources */,
				8F7E5CE623CE704600CC5A8E /* PilotRowView.swift in Sources */,
				8F7E5CAF23CD516A00CC5A8E /* FilmViewSection.swift in Sources */,
				8F4CEB1C23CA47BB000AAD47 /* Starship.swift in Sources */,
				8F7E5CCC23CDD09B00CC5A8E /* ResidentRowView.swift in Sources */,
				8F35A9A423CB945F0045DEEC /* FilmsListView.swift in Sources */,
				8F7E5CC423CDBC4000CC5A8E /* PlanetViewModel.swift in Sources */,
				8F7E5CBF23CD671200CC5A8E /* FilmVehicleRowView.swift in Sources */,
				8F7E5CBD23CD670600CC5A8E /* FilmVehicleListView.swift in Sources */,
				8F35A9B323CBA2B30045DEEC /* FilmViewModel.swift in Sources */,
				8F35A99B23CB6F8D0045DEEC /* SwapiQuery.swift in Sources */,
				8F7E5CAD23CD49EB00CC5A8E /* NavigationDestination.swift in Sources */,
				8F7E5C9B23CD34E600CC5A8E /* HomeworldRowView.swift in Sources */,
				8F7E5CB723CD5E8E00CC5A8E /* FilmSpeciesRowView.swift in Sources */,
				8F4CEB1E23CA4C77000AAD47 /* StarshipsResponse.swift in Sources */,
				8F4CEAEA23C9518F000AAD47 /* AppDelegate.swift in Sources */,
				8F7E5CD723CDEAB800CC5A8E /* SpeciesPersonRowView.swift in Sources */,
				8F7E5CCA23CDCF1700CC5A8E /* PlanetFilmRowView.swift in Sources */,
				8F7E5CBB23CD638000CC5A8E /* FilmStarshipRowView.swift in Sources */,
				8F7E5CED23CE7AD600CC5A8E /* VehicleViewModel.swift in Sources */,
				8F7E5CDC23CE577400CC5A8E /* StarshipView.swift in Sources */,
				8F4CEAEC23C9518F000AAD47 /* SceneDelegate.swift in Sources */,
				8F7E5CA323CD3B1C00CC5A8E /* VehicleRowView.swift in Sources */,
				8F35A9A623CB94700045DEEC /* FilmsListViewModel.swift in Sources */,
				8F7E5C9423CD26BE00CC5A8E /* PersonView.swift in Sources */,
				8F7E5CD923CDED9700CC5A8E /* SpeciesFilmRowView.swift in Sources */,
				8F7E5C9D23CD379600CC5A8E /* SpeciesRowView.swift in Sources */,
				8F35A9AF23CBA0870045DEEC /* Film+Strings.swift in Sources */,
				8F4CEB1823CA4047000AAD47 /* Planet.swift in Sources */,
				8F4CEB1623CA3D67000AAD47 /* PeopleResponse.swift in Sources */,
				8F7E5CB923CD637300CC5A8E /* FilmStarshipListView.swift in Sources */,
				8F7E5CC123CDBC1100CC5A8E /* PlanetView.swift in Sources */,
				8F35A9AD23CB9F690045DEEC /* FilmRowViewModel.swift in Sources */,
				8F4CEB0D23CA20C1000AAD47 /* Swapi.swift in Sources */,
				8F7E5CB523CD5E7D00CC5A8E /* FilmSpeciesListView.swift in Sources */,
				8F4CEB1423CA31AC000AAD47 /* Person.swift in Sources */,
				8F4CEB1223CA2F81000AAD47 /* FilmsResponse.swift in Sources */,
				8F4AEEED23CA9A1A005B27C8 /* SpeciesResponse.swift in Sources */,
				8F7E5C9623CD26CB00CC5A8E /* PersonViewModel.swift in Sources */,
				8F7E5CEB23CE7AC600CC5A8E /* VehicleView.swift in Sources */,
				8F4CEB2223CA5A66000AAD47 /* VehiclesResponse.swift in Sources */,
				8F7E5CF123CE854000CC5A8E /* VehicleFilmRowView.swift in Sources */,
				8F7E5CA723CD3D2100CC5A8E /* PersonFilmRowView.swift in Sources */,
				8F7E5CF323CE871C00CC5A8E /* VehiclePilotRowView.swift in Sources */,
				8F7E5CA123CD39D300CC5A8E /* StarshipRowView.swift in Sources */,
				8F4AEEEF23CA9C11005B27C8 /* Data.swift in Sources */,
				8F35A99923CB6B930045DEEC /* DataFetcher.swift in Sources */,
				8F7E5CD123CDDC8B00CC5A8E /* SpeciesViewModel.swift in Sources */,
				8F4CEB1A23CA444A000AAD47 /* PlanetsResponse.swift in Sources */,
				8FDD8CBD23CAA1B800851267 /* SwapiResponse.swift in Sources */,
				8F7E5CB123CD585200CC5A8E /* FilmPlanetListView.swift in Sources */,
				8F4CEB2523CA6059000AAD47 /* Species.swift in Sources */,
				8F7E5CB323CD58E500CC5A8E /* FilmPlanetRowView.swift in Sources */,
				8F7E5CA923CD3F9A00CC5A8E /* CharacterRowView.swift in Sources */,
				8F7E5CAB23CD42F100CC5A8E /* CharacterListView.swift in Sources */,
				8F4CEAEE23C9518F000AAD47 /* ContentView.swift in Sources */,
				8F35A9AB23CB9C720045DEEC /* FilmRowView.swift in Sources */,
				8F7E5CE423CE6E1D00CC5A8E /* StarshipFilmRowView.swift in Sources */,
			);
			runOnlyForDeploymentPostprocessing = 0;
		};
		8F4CEAF823C95199000AAD47 /* Sources */ = {
			isa = PBXSourcesBuildPhase;
			buildActionMask = 2147483647;
			files = (
				8FDD8CBF23CAB23900851267 /* FilmParsingTests.swift in Sources */,
				8F7E5CE023CE57F500CC5A8E /* StarshipParsingTests.swift in Sources */,
				8F7E5CC823CDC53F00CC5A8E /* PlanetParsingTests.swift in Sources */,
				8F7E5CEF23CE83E100CC5A8E /* VehicleParsingTests.swift in Sources */,
				8F35A9A923CB97720045DEEC /* MockDataTests.swift in Sources */,
				8F7E5CD523CDE68500CC5A8E /* SpeciesParsingTests.swift in Sources */,
				8F35A99723CB648B0045DEEC /* FullFilmParsingTests.swift in Sources */,
				8F35A9A223CB7D7F0045DEEC /* QueryTests.swift in Sources */,
			);
			runOnlyForDeploymentPostprocessing = 0;
		};
/* End PBXSourcesBuildPhase section */

/* Begin PBXTargetDependency section */
		8F4CEAFE23C95199000AAD47 /* PBXTargetDependency */ = {
			isa = PBXTargetDependency;
			target = 8F4CEAE523C9518F000AAD47 /* StarWarsReader */;
			targetProxy = 8F4CEAFD23C95199000AAD47 /* PBXContainerItemProxy */;
		};
/* End PBXTargetDependency section */

/* Begin PBXVariantGroup section */
		8F4CEAF423C95199000AAD47 /* LaunchScreen.storyboard */ = {
			isa = PBXVariantGroup;
			children = (
				8F4CEAF523C95199000AAD47 /* Base */,
			);
			name = LaunchScreen.storyboard;
			sourceTree = "<group>";
		};
/* End PBXVariantGroup section */

/* Begin XCBuildConfiguration section */
		8F4CEB0323C95199000AAD47 /* Debug */ = {
			isa = XCBuildConfiguration;
			buildSettings = {
				ALWAYS_SEARCH_USER_PATHS = NO;
				CLANG_ANALYZER_NONNULL = YES;
				CLANG_ANALYZER_NUMBER_OBJECT_CONVERSION = YES_AGGRESSIVE;
				CLANG_CXX_LANGUAGE_STANDARD = "gnu++14";
				CLANG_CXX_LIBRARY = "libc++";
				CLANG_ENABLE_MODULES = YES;
				CLANG_ENABLE_OBJC_ARC = YES;
				CLANG_ENABLE_OBJC_WEAK = YES;
				CLANG_WARN_BLOCK_CAPTURE_AUTORELEASING = YES;
				CLANG_WARN_BOOL_CONVERSION = YES;
				CLANG_WARN_COMMA = YES;
				CLANG_WARN_CONSTANT_CONVERSION = YES;
				CLANG_WARN_DEPRECATED_OBJC_IMPLEMENTATIONS = YES;
				CLANG_WARN_DIRECT_OBJC_ISA_USAGE = YES_ERROR;
				CLANG_WARN_DOCUMENTATION_COMMENTS = YES;
				CLANG_WARN_EMPTY_BODY = YES;
				CLANG_WARN_ENUM_CONVERSION = YES;
				CLANG_WARN_INFINITE_RECURSION = YES;
				CLANG_WARN_INT_CONVERSION = YES;
				CLANG_WARN_NON_LITERAL_NULL_CONVERSION = YES;
				CLANG_WARN_OBJC_IMPLICIT_RETAIN_SELF = YES;
				CLANG_WARN_OBJC_LITERAL_CONVERSION = YES;
				CLANG_WARN_OBJC_ROOT_CLASS = YES_ERROR;
				CLANG_WARN_RANGE_LOOP_ANALYSIS = YES;
				CLANG_WARN_STRICT_PROTOTYPES = YES;
				CLANG_WARN_SUSPICIOUS_MOVE = YES;
				CLANG_WARN_UNGUARDED_AVAILABILITY = YES_AGGRESSIVE;
				CLANG_WARN_UNREACHABLE_CODE = YES;
				CLANG_WARN__DUPLICATE_METHOD_MATCH = YES;
				COPY_PHASE_STRIP = NO;
				DEBUG_INFORMATION_FORMAT = dwarf;
				ENABLE_STRICT_OBJC_MSGSEND = YES;
				ENABLE_TESTABILITY = YES;
				GCC_C_LANGUAGE_STANDARD = gnu11;
				GCC_DYNAMIC_NO_PIC = NO;
				GCC_NO_COMMON_BLOCKS = YES;
				GCC_OPTIMIZATION_LEVEL = 0;
				GCC_PREPROCESSOR_DEFINITIONS = (
					"DEBUG=1",
					"$(inherited)",
				);
				GCC_WARN_64_TO_32_BIT_CONVERSION = YES;
				GCC_WARN_ABOUT_RETURN_TYPE = YES_ERROR;
				GCC_WARN_UNDECLARED_SELECTOR = YES;
				GCC_WARN_UNINITIALIZED_AUTOS = YES_AGGRESSIVE;
				GCC_WARN_UNUSED_FUNCTION = YES;
				GCC_WARN_UNUSED_VARIABLE = YES;
				IPHONEOS_DEPLOYMENT_TARGET = 13.2;
				MTL_ENABLE_DEBUG_INFO = INCLUDE_SOURCE;
				MTL_FAST_MATH = YES;
				ONLY_ACTIVE_ARCH = YES;
				SDKROOT = iphoneos;
				SWIFT_ACTIVE_COMPILATION_CONDITIONS = DEBUG;
				SWIFT_OPTIMIZATION_LEVEL = "-Onone";
			};
			name = Debug;
		};
		8F4CEB0423C95199000AAD47 /* Release */ = {
			isa = XCBuildConfiguration;
			buildSettings = {
				ALWAYS_SEARCH_USER_PATHS = NO;
				CLANG_ANALYZER_NONNULL = YES;
				CLANG_ANALYZER_NUMBER_OBJECT_CONVERSION = YES_AGGRESSIVE;
				CLANG_CXX_LANGUAGE_STANDARD = "gnu++14";
				CLANG_CXX_LIBRARY = "libc++";
				CLANG_ENABLE_MODULES = YES;
				CLANG_ENABLE_OBJC_ARC = YES;
				CLANG_ENABLE_OBJC_WEAK = YES;
				CLANG_WARN_BLOCK_CAPTURE_AUTORELEASING = YES;
				CLANG_WARN_BOOL_CONVERSION = YES;
				CLANG_WARN_COMMA = YES;
				CLANG_WARN_CONSTANT_CONVERSION = YES;
				CLANG_WARN_DEPRECATED_OBJC_IMPLEMENTATIONS = YES;
				CLANG_WARN_DIRECT_OBJC_ISA_USAGE = YES_ERROR;
				CLANG_WARN_DOCUMENTATION_COMMENTS = YES;
				CLANG_WARN_EMPTY_BODY = YES;
				CLANG_WARN_ENUM_CONVERSION = YES;
				CLANG_WARN_INFINITE_RECURSION = YES;
				CLANG_WARN_INT_CONVERSION = YES;
				CLANG_WARN_NON_LITERAL_NULL_CONVERSION = YES;
				CLANG_WARN_OBJC_IMPLICIT_RETAIN_SELF = YES;
				CLANG_WARN_OBJC_LITERAL_CONVERSION = YES;
				CLANG_WARN_OBJC_ROOT_CLASS = YES_ERROR;
				CLANG_WARN_RANGE_LOOP_ANALYSIS = YES;
				CLANG_WARN_STRICT_PROTOTYPES = YES;
				CLANG_WARN_SUSPICIOUS_MOVE = YES;
				CLANG_WARN_UNGUARDED_AVAILABILITY = YES_AGGRESSIVE;
				CLANG_WARN_UNREACHABLE_CODE = YES;
				CLANG_WARN__DUPLICATE_METHOD_MATCH = YES;
				COPY_PHASE_STRIP = NO;
				DEBUG_INFORMATION_FORMAT = "dwarf-with-dsym";
				ENABLE_NS_ASSERTIONS = NO;
				ENABLE_STRICT_OBJC_MSGSEND = YES;
				GCC_C_LANGUAGE_STANDARD = gnu11;
				GCC_NO_COMMON_BLOCKS = YES;
				GCC_WARN_64_TO_32_BIT_CONVERSION = YES;
				GCC_WARN_ABOUT_RETURN_TYPE = YES_ERROR;
				GCC_WARN_UNDECLARED_SELECTOR = YES;
				GCC_WARN_UNINITIALIZED_AUTOS = YES_AGGRESSIVE;
				GCC_WARN_UNUSED_FUNCTION = YES;
				GCC_WARN_UNUSED_VARIABLE = YES;
				IPHONEOS_DEPLOYMENT_TARGET = 13.2;
				MTL_ENABLE_DEBUG_INFO = NO;
				MTL_FAST_MATH = YES;
				SDKROOT = iphoneos;
				SWIFT_COMPILATION_MODE = wholemodule;
				SWIFT_OPTIMIZATION_LEVEL = "-O";
				VALIDATE_PRODUCT = YES;
			};
			name = Release;
		};
		8F4CEB0623C95199000AAD47 /* Debug */ = {
			isa = XCBuildConfiguration;
			buildSettings = {
				ASSETCATALOG_COMPILER_APPICON_NAME = AppIcon;
				CODE_SIGN_STYLE = Automatic;
				DEVELOPMENT_ASSET_PATHS = "\"StarWarsReader/Preview Content\"";
				DEVELOPMENT_TEAM = T8CFARLC27;
				ENABLE_PREVIEWS = YES;
				INFOPLIST_FILE = StarWarsReader/Info.plist;
				LD_RUNPATH_SEARCH_PATHS = (
					"$(inherited)",
					"@executable_path/Frameworks",
				);
				PRODUCT_BUNDLE_IDENTIFIER = com.thinx.StarWarsReader;
				PRODUCT_NAME = "$(TARGET_NAME)";
				SWIFT_VERSION = 5.0;
				TARGETED_DEVICE_FAMILY = "1,2";
			};
			name = Debug;
		};
		8F4CEB0723C95199000AAD47 /* Release */ = {
			isa = XCBuildConfiguration;
			buildSettings = {
				ASSETCATALOG_COMPILER_APPICON_NAME = AppIcon;
				CODE_SIGN_STYLE = Automatic;
				DEVELOPMENT_ASSET_PATHS = "\"StarWarsReader/Preview Content\"";
				DEVELOPMENT_TEAM = T8CFARLC27;
				ENABLE_PREVIEWS = YES;
				INFOPLIST_FILE = StarWarsReader/Info.plist;
				LD_RUNPATH_SEARCH_PATHS = (
					"$(inherited)",
					"@executable_path/Frameworks",
				);
				PRODUCT_BUNDLE_IDENTIFIER = com.thinx.StarWarsReader;
				PRODUCT_NAME = "$(TARGET_NAME)";
				SWIFT_VERSION = 5.0;
				TARGETED_DEVICE_FAMILY = "1,2";
			};
			name = Release;
		};
		8F4CEB0923C95199000AAD47 /* Debug */ = {
			isa = XCBuildConfiguration;
			buildSettings = {
				ALWAYS_EMBED_SWIFT_STANDARD_LIBRARIES = YES;
				BUNDLE_LOADER = "$(TEST_HOST)";
				CODE_SIGN_STYLE = Automatic;
				DEVELOPMENT_TEAM = T8CFARLC27;
				INFOPLIST_FILE = StarWarsReaderTests/Info.plist;
				IPHONEOS_DEPLOYMENT_TARGET = 13.2;
				LD_RUNPATH_SEARCH_PATHS = (
					"$(inherited)",
					"@executable_path/Frameworks",
					"@loader_path/Frameworks",
				);
				PRODUCT_BUNDLE_IDENTIFIER = com.thinx.StarWarsReaderTests;
				PRODUCT_NAME = "$(TARGET_NAME)";
				SWIFT_VERSION = 5.0;
				TARGETED_DEVICE_FAMILY = "1,2";
				TEST_HOST = "$(BUILT_PRODUCTS_DIR)/StarWarsReader.app/StarWarsReader";
			};
			name = Debug;
		};
		8F4CEB0A23C95199000AAD47 /* Release */ = {
			isa = XCBuildConfiguration;
			buildSettings = {
				ALWAYS_EMBED_SWIFT_STANDARD_LIBRARIES = YES;
				BUNDLE_LOADER = "$(TEST_HOST)";
				CODE_SIGN_STYLE = Automatic;
				DEVELOPMENT_TEAM = T8CFARLC27;
				INFOPLIST_FILE = StarWarsReaderTests/Info.plist;
				IPHONEOS_DEPLOYMENT_TARGET = 13.2;
				LD_RUNPATH_SEARCH_PATHS = (
					"$(inherited)",
					"@executable_path/Frameworks",
					"@loader_path/Frameworks",
				);
				PRODUCT_BUNDLE_IDENTIFIER = com.thinx.StarWarsReaderTests;
				PRODUCT_NAME = "$(TARGET_NAME)";
				SWIFT_VERSION = 5.0;
				TARGETED_DEVICE_FAMILY = "1,2";
				TEST_HOST = "$(BUILT_PRODUCTS_DIR)/StarWarsReader.app/StarWarsReader";
			};
			name = Release;
		};
/* End XCBuildConfiguration section */

/* Begin XCConfigurationList section */
		8F4CEAE123C9518F000AAD47 /* Build configuration list for PBXProject "StarWarsReader" */ = {
			isa = XCConfigurationList;
			buildConfigurations = (
				8F4CEB0323C95199000AAD47 /* Debug */,
				8F4CEB0423C95199000AAD47 /* Release */,
			);
			defaultConfigurationIsVisible = 0;
			defaultConfigurationName = Release;
		};
		8F4CEB0523C95199000AAD47 /* Build configuration list for PBXNativeTarget "StarWarsReader" */ = {
			isa = XCConfigurationList;
			buildConfigurations = (
				8F4CEB0623C95199000AAD47 /* Debug */,
				8F4CEB0723C95199000AAD47 /* Release */,
			);
			defaultConfigurationIsVisible = 0;
			defaultConfigurationName = Release;
		};
		8F4CEB0823C95199000AAD47 /* Build configuration list for PBXNativeTarget "StarWarsReaderTests" */ = {
			isa = XCConfigurationList;
			buildConfigurations = (
				8F4CEB0923C95199000AAD47 /* Debug */,
				8F4CEB0A23C95199000AAD47 /* Release */,
			);
			defaultConfigurationIsVisible = 0;
			defaultConfigurationName = Release;
		};
/* End XCConfigurationList section */
	};
	rootObject = 8F4CEADE23C9518F000AAD47 /* Project object */;
}
